
Microsoft Visual Studio Solution File, Format Version 12.00
# Visual Studio Version 17
VisualStudioVersion = 17.2.32630.192
MinimumVisualStudioVersion = 10.0.40219.1
Project("{9A19103F-16F7-4668-BE54-9A1E7A4F7556}") = "CloudMarket", "CloudMarket\CloudMarket.csproj", "{07BBD14C-651E-4DAF-9EEB-65807B946A75}"
EndProject
Project("{9A19103F-16F7-4668-BE54-9A1E7A4F7556}") = "CloudMarket.Domain", "CloudMarket.Domain\CloudMarket.Domain.csproj", "{EF25B46A-C494-40D6-92A6-EA67507AC114}"
EndProject
Project("{9A19103F-16F7-4668-BE54-9A1E7A4F7556}") = "CloudMarket.Repositories", "CloudMarket.Repositories\CloudMarket.Repositories.csproj", "{221C0C6E-84C1-4427-BA84-98FBA1DD8B28}"
EndProject
Project("{9A19103F-16F7-4668-BE54-9A1E7A4F7556}") = "CloudMarket.Services", "CloudMarket.Services\CloudMarket.Services.csproj", "{7DF9798E-5783-4F5D-A612-F6EF0EC9A5EF}"
EndProject
Project("{9A19103F-16F7-4668-BE54-9A1E7A4F7556}") = "CloudMarket.Ioc", "CloudMarket.Ioc\CloudMarket.Ioc.csproj", "{E3565CF8-36A0-4A39-A812-1EBECF18FCCE}"
EndProject
Global
	GlobalSection(SolutionConfigurationPlatforms) = preSolution
		Debug|Any CPU = Debug|Any CPU
		Release|Any CPU = Release|Any CPU
	EndGlobalSection
	GlobalSection(ProjectConfigurationPlatforms) = postSolution
		{07BBD14C-651E-4DAF-9EEB-65807B946A75}.Debug|Any CPU.ActiveCfg = Debug|Any CPU
		{07BBD14C-651E-4DAF-9EEB-65807B946A75}.Debug|Any CPU.Build.0 = Debug|Any CPU
		{07BBD14C-651E-4DAF-9EEB-65807B946A75}.Release|Any CPU.ActiveCfg = Release|Any CPU
		{07BBD14C-651E-4DAF-9EEB-65807B946A75}.Release|Any CPU.Build.0 = Release|Any CPU
		{EF25B46A-C494-40D6-92A6-EA67507AC114}.Debug|Any CPU.ActiveCfg = Debug|Any CPU
		{EF25B46A-C494-40D6-92A6-EA67507AC114}.Debug|Any CPU.Build.0 = Debug|Any CPU
		{EF25B46A-C494-40D6-92A6-EA67507AC114}.Release|Any CPU.ActiveCfg = Release|Any CPU
		{EF25B46A-C494-40D6-92A6-EA67507AC114}.Release|Any CPU.Build.0 = Release|Any CPU
		{221C0C6E-84C1-4427-BA84-98FBA1DD8B28}.Debug|Any CPU.ActiveCfg = Debug|Any CPU
		{221C0C6E-84C1-4427-BA84-98FBA1DD8B28}.Debug|Any CPU.Build.0 = Debug|Any CPU
		{221C0C6E-84C1-4427-BA84-98FBA1DD8B28}.Release|Any CPU.ActiveCfg = Release|Any CPU
		{221C0C6E-84C1-4427-BA84-98FBA1DD8B28}.Release|Any CPU.Build.0 = Release|Any CPU
		{7DF9798E-5783-4F5D-A612-F6EF0EC9A5EF}.Debug|Any CPU.ActiveCfg = Debug|Any CPU
		{7DF9798E-5783-4F5D-A612-F6EF0EC9A5EF}.Debug|Any CPU.Build.0 = Debug|Any CPU
		{7DF9798E-5783-4F5D-A612-F6EF0EC9A5EF}.Release|Any CPU.ActiveCfg = Release|Any CPU
		{7DF9798E-5783-4F5D-A612-F6EF0EC9A5EF}.Release|Any CPU.Build.0 = Release|Any CPU
		{E3565CF8-36A0-4A39-A812-1EBECF18FCCE}.Debug|Any CPU.ActiveCfg = Debug|Any CPU
		{E3565CF8-36A0-4A39-A812-1EBECF18FCCE}.Debug|Any CPU.Build.0 = Debug|Any CPU
		{E3565CF8-36A0-4A39-A812-1EBECF18FCCE}.Release|Any CPU.ActiveCfg = Release|Any CPU
		{E3565CF8-36A0-4A39-A812-1EBECF18FCCE}.Release|Any CPU.Build.0 = Release|Any CPU
	EndGlobalSection
	GlobalSection(SolutionProperties) = preSolution
		HideSolutionNode = FALSE
	EndGlobalSection
	GlobalSection(ExtensibilityGlobals) = postSolution
		SolutionGuid = {5F0E282B-77CB-4CF3-8A4E-D3A47A093591}
	EndGlobalSection
EndGlobal
