
Microsoft Visual Studio Solution File, Format Version 12.00
# Visual Studio Version 17
VisualStudioVersion = 17.2.32630.192
MinimumVisualStudioVersion = 10.0.40219.1
Project("{FAE04EC0-301F-11D3-BF4B-00C04F79EFBC}") = "Encapsumento", "Encapsumento\Encapsumento.csproj", "{690A5A31-911F-4AC9-9DA2-3493A1B1AC10}"
EndProject
Global
	GlobalSection(SolutionConfigurationPlatforms) = preSolution
		Debug|Any CPU = Debug|Any CPU
		Release|Any CPU = Release|Any CPU
	EndGlobalSection
	GlobalSection(ProjectConfigurationPlatforms) = postSolution
		{690A5A31-911F-4AC9-9DA2-3493A1B1AC10}.Debug|Any CPU.ActiveCfg = Debug|Any CPU
		{690A5A31-911F-4AC9-9DA2-3493A1B1AC10}.Debug|Any CPU.Build.0 = Debug|Any CPU
		{690A5A31-911F-4AC9-9DA2-3493A1B1AC10}.Release|Any CPU.ActiveCfg = Release|Any CPU
		{690A5A31-911F-4AC9-9DA2-3493A1B1AC10}.Release|Any CPU.Build.0 = Release|Any CPU
	EndGlobalSection
	GlobalSection(SolutionProperties) = preSolution
		HideSolutionNode = FALSE
	EndGlobalSection
	GlobalSection(ExtensibilityGlobals) = postSolution
		SolutionGuid = {F5A7F94E-F2AB-4C25-BB4E-922536B58CA0}
	EndGlobalSection
EndGlobal
