
Microsoft Visual Studio Solution File, Format Version 12.00
# Visual Studio Version 17
VisualStudioVersion = 17.2.32630.192
MinimumVisualStudioVersion = 10.0.40219.1
Project("{FAE04EC0-301F-11D3-BF4B-00C04F79EFBC}") = "Exercicio4", "Exercicio4.csproj", "{472FFF3D-24DE-4396-B394-8F2CE154D280}"
EndProject
Global
	GlobalSection(SolutionConfigurationPlatforms) = preSolution
		Debug|Any CPU = Debug|Any CPU
		Release|Any CPU = Release|Any CPU
	EndGlobalSection
	GlobalSection(ProjectConfigurationPlatforms) = postSolution
		{472FFF3D-24DE-4396-B394-8F2CE154D280}.Debug|Any CPU.ActiveCfg = Debug|Any CPU
		{472FFF3D-24DE-4396-B394-8F2CE154D280}.Debug|Any CPU.Build.0 = Debug|Any CPU
		{472FFF3D-24DE-4396-B394-8F2CE154D280}.Release|Any CPU.ActiveCfg = Release|Any CPU
		{472FFF3D-24DE-4396-B394-8F2CE154D280}.Release|Any CPU.Build.0 = Release|Any CPU
	EndGlobalSection
	GlobalSection(SolutionProperties) = preSolution
		HideSolutionNode = FALSE
	EndGlobalSection
	GlobalSection(ExtensibilityGlobals) = postSolution
		SolutionGuid = {EE5DC2ED-D985-4DEE-91D4-6358C27AB051}
	EndGlobalSection
EndGlobal
