
Microsoft Visual Studio Solution File, Format Version 12.00
# Visual Studio Version 17
VisualStudioVersion = 17.2.32630.192
MinimumVisualStudioVersion = 10.0.40219.1
Project("{FAE04EC0-301F-11D3-BF4B-00C04F79EFBC}") = "ComoLerArquivoTexto", "ComoLerArquivoTexto.csproj", "{63A69386-4BA2-414A-97E3-EBEB88E96B96}"
EndProject
Project("{FAE04EC0-301F-11D3-BF4B-00C04F79EFBC}") = "ComoGravarArquivoTexto", "..\ComoGravarArquivoTexto\ComoGravarArquivoTexto.csproj", "{95C13419-37D4-436E-B7A8-AB0B9A98B40E}"
EndProject
Project("{FAE04EC0-301F-11D3-BF4B-00C04F79EFBC}") = "ManipularArquivos", "..\ManipularArquivos\ManipularArquivos.csproj", "{4355BC16-6F23-4074-9C31-FA4DAC9A09BA}"
EndProject
Global
	GlobalSection(SolutionConfigurationPlatforms) = preSolution
		Debug|Any CPU = Debug|Any CPU
		Release|Any CPU = Release|Any CPU
	EndGlobalSection
	GlobalSection(ProjectConfigurationPlatforms) = postSolution
		{63A69386-4BA2-414A-97E3-EBEB88E96B96}.Debug|Any CPU.ActiveCfg = Debug|Any CPU
		{63A69386-4BA2-414A-97E3-EBEB88E96B96}.Debug|Any CPU.Build.0 = Debug|Any CPU
		{63A69386-4BA2-414A-97E3-EBEB88E96B96}.Release|Any CPU.ActiveCfg = Release|Any CPU
		{63A69386-4BA2-414A-97E3-EBEB88E96B96}.Release|Any CPU.Build.0 = Release|Any CPU
		{95C13419-37D4-436E-B7A8-AB0B9A98B40E}.Debug|Any CPU.ActiveCfg = Debug|Any CPU
		{95C13419-37D4-436E-B7A8-AB0B9A98B40E}.Debug|Any CPU.Build.0 = Debug|Any CPU
		{95C13419-37D4-436E-B7A8-AB0B9A98B40E}.Release|Any CPU.ActiveCfg = Release|Any CPU
		{95C13419-37D4-436E-B7A8-AB0B9A98B40E}.Release|Any CPU.Build.0 = Release|Any CPU
		{4355BC16-6F23-4074-9C31-FA4DAC9A09BA}.Debug|Any CPU.ActiveCfg = Debug|Any CPU
		{4355BC16-6F23-4074-9C31-FA4DAC9A09BA}.Debug|Any CPU.Build.0 = Debug|Any CPU
		{4355BC16-6F23-4074-9C31-FA4DAC9A09BA}.Release|Any CPU.ActiveCfg = Release|Any CPU
		{4355BC16-6F23-4074-9C31-FA4DAC9A09BA}.Release|Any CPU.Build.0 = Release|Any CPU
	EndGlobalSection
	GlobalSection(SolutionProperties) = preSolution
		HideSolutionNode = FALSE
	EndGlobalSection
	GlobalSection(ExtensibilityGlobals) = postSolution
		SolutionGuid = {B5D31F2B-4E8C-4042-A6DC-F2B35AF180D3}
	EndGlobalSection
EndGlobal
