
Microsoft Visual Studio Solution File, Format Version 12.00
# Visual Studio Version 17
VisualStudioVersion = 17.2.32630.192
MinimumVisualStudioVersion = 10.0.40219.1
Project("{FAE04EC0-301F-11D3-BF4B-00C04F79EFBC}") = "ApiEstoque", "ApiEstoque\ApiEstoque.csproj", "{F8983335-55EF-4B87-8A3B-1B661991C088}"
EndProject
Project("{FAE04EC0-301F-11D3-BF4B-00C04F79EFBC}") = "ApiEstoque.Services", "ApiEstoque.Services\ApiEstoque.Services.csproj", "{326B309A-5AF0-4840-B5C4-AFBA36302322}"
EndProject
Project("{FAE04EC0-301F-11D3-BF4B-00C04F79EFBC}") = "ApiEstoque.Repositories", "ApiEstoque.Repositories\ApiEstoque.Repositories.csproj", "{CFCECA60-C955-4740-A0F5-4E89BEFCB231}"
EndProject
Project("{FAE04EC0-301F-11D3-BF4B-00C04F79EFBC}") = "ApiEstoque.Domain", "ApiEstoque.Domain\ApiEstoque.Domain.csproj", "{F9FBD21C-94B2-49A0-BA17-77724B7D0C10}"
EndProject
Global
	GlobalSection(SolutionConfigurationPlatforms) = preSolution
		Debug|Any CPU = Debug|Any CPU
		Release|Any CPU = Release|Any CPU
	EndGlobalSection
	GlobalSection(ProjectConfigurationPlatforms) = postSolution
		{F8983335-55EF-4B87-8A3B-1B661991C088}.Debug|Any CPU.ActiveCfg = Debug|Any CPU
		{F8983335-55EF-4B87-8A3B-1B661991C088}.Debug|Any CPU.Build.0 = Debug|Any CPU
		{F8983335-55EF-4B87-8A3B-1B661991C088}.Release|Any CPU.ActiveCfg = Release|Any CPU
		{F8983335-55EF-4B87-8A3B-1B661991C088}.Release|Any CPU.Build.0 = Release|Any CPU
		{326B309A-5AF0-4840-B5C4-AFBA36302322}.Debug|Any CPU.ActiveCfg = Debug|Any CPU
		{326B309A-5AF0-4840-B5C4-AFBA36302322}.Debug|Any CPU.Build.0 = Debug|Any CPU
		{326B309A-5AF0-4840-B5C4-AFBA36302322}.Release|Any CPU.ActiveCfg = Release|Any CPU
		{326B309A-5AF0-4840-B5C4-AFBA36302322}.Release|Any CPU.Build.0 = Release|Any CPU
		{CFCECA60-C955-4740-A0F5-4E89BEFCB231}.Debug|Any CPU.ActiveCfg = Debug|Any CPU
		{CFCECA60-C955-4740-A0F5-4E89BEFCB231}.Debug|Any CPU.Build.0 = Debug|Any CPU
		{CFCECA60-C955-4740-A0F5-4E89BEFCB231}.Release|Any CPU.ActiveCfg = Release|Any CPU
		{CFCECA60-C955-4740-A0F5-4E89BEFCB231}.Release|Any CPU.Build.0 = Release|Any CPU
		{F9FBD21C-94B2-49A0-BA17-77724B7D0C10}.Debug|Any CPU.ActiveCfg = Debug|Any CPU
		{F9FBD21C-94B2-49A0-BA17-77724B7D0C10}.Debug|Any CPU.Build.0 = Debug|Any CPU
		{F9FBD21C-94B2-49A0-BA17-77724B7D0C10}.Release|Any CPU.ActiveCfg = Release|Any CPU
		{F9FBD21C-94B2-49A0-BA17-77724B7D0C10}.Release|Any CPU.Build.0 = Release|Any CPU
	EndGlobalSection
	GlobalSection(SolutionProperties) = preSolution
		HideSolutionNode = FALSE
	EndGlobalSection
	GlobalSection(ExtensibilityGlobals) = postSolution
		SolutionGuid = {78E644A4-6E0C-4E1A-824B-3B15B02496D3}
	EndGlobalSection
EndGlobal
